// !$*UTF8*$!
{
	archiveVersion = 1;
	classes = {
	};
	objectVersion = 46;
	objects = {

/* Begin PBXBuildFile section */
		728D9EA01D0196CD006CA67D /* main.m in Sources */ = {isa = PBXBuildFile; fileRef = 728D9E9F1D0196CD006CA67D /* main.m */; };
		728D9EA31D0196CD006CA67D /* AppDelegate.m in Sources */ = {isa = PBXBuildFile; fileRef = 728D9EA21D0196CD006CA67D /* AppDelegate.m */; };
		728D9EA61D0196CD006CA67D /* ViewController.m in Sources */ = {isa = PBXBuildFile; fileRef = 728D9EA51D0196CD006CA67D /* ViewController.m */; };
		728D9EA91D0196CD006CA67D /* Main.storyboard in Resources */ = {isa = PBXBuildFile; fileRef = 728D9EA71D0196CD006CA67D /* Main.storyboard */; };
		728D9EAB1D0196CD006CA67D /* Assets.xcassets in Resources */ = {isa = PBXBuildFile; fileRef = 728D9EAA1D0196CD006CA67D /* Assets.xcassets */; };
		728D9EAE1D0196CD006CA67D /* LaunchScreen.storyboard in Resources */ = {isa = PBXBuildFile; fileRef = 728D9EAC1D0196CD006CA67D /* LaunchScreen.storyboard */; };
/* End PBXBuildFile section */

/* Begin PBXFileReference section */
		728D9E9B1D0196CD006CA67D /* mmmm.app */ = {isa = PBXFileReference; explicitFileType = wrapper.application; includeInIndex = 0; path = mmmm.app; sourceTree = BUILT_PRODUCTS_DIR; };
		728D9E9F1D0196CD006CA67D /* main.m */ = {isa = PBXFileReference; lastKnownFileType = sourcecode.c.objc; path = main.m; sourceTree = "<group>"; };
		728D9EA11D0196CD006CA67D /* AppDelegate.h */ = {isa = PBXFileReference; lastKnownFileType = sourcecode.c.h; path = AppDelegate.h; sourceTree = "<group>"; };
		728D9EA21D0196CD006CA67D /* AppDelegate.m */ = {isa = PBXFileReference; lastKnownFileType = sourcecode.c.objc; path = AppDelegate.m; sourceTree = "<group>"; };
		728D9EA41D0196CD006CA67D /* ViewController.h */ = {isa = PBXFileReference; lastKnownFileType = sourcecode.c.h; path = ViewController.h; sourceTree = "<group>"; };
		728D9EA51D0196CD006CA67D /* ViewController.m */ = {isa = PBXFileReference; lastKnownFileType = sourcecode.c.objc; path = ViewController.m; sourceTree = "<group>"; };
		728D9EA81D0196CD006CA67D /* Base */ = {isa = PBXFileReference; lastKnownFileType = file.storyboard; name = Base; path = Base.lproj/Main.storyboard; sourceTree = "<group>"; };
		728D9EAA1D0196CD006CA67D /* Assets.xcassets */ = {isa = PBXFileReference; lastKnownFileType = folder.assetcatalog; path = Assets.xcassets; sourceTree = "<group>"; };
		728D9EAD1D0196CD006CA67D /* Base */ = {isa = PBXFileReference; lastKnownFileType = file.storyboard; name = Base; path = Base.lproj/LaunchScreen.storyboard; sourceTree = "<group>"; };
		728D9EAF1D0196CD006CA67D /* Info.plist */ = {isa = PBXFileReference; lastKnownFileType = text.plist.xml; path = Info.plist; sourceTree = "<group>"; };
/* End PBXFileReference section */

/* Begin PBXFrameworksBuildPhase section */
		728D9E981D0196CD006CA67D /* Frameworks */ = {
			isa = PBXFrameworksBuildPhase;
			buildActionMask = 2147483647;
			files = (
			);
			runOnlyForDeploymentPostprocessing = 0;
		};
/* End PBXFrameworksBuildPhase section */

/* Begin PBXGroup section */
		728D9E921D0196CD006CA67D = {
			isa = PBXGroup;
			children = (
				728D9E9D1D0196CD006CA67D /* mmmm */,
				728D9E9C1D0196CD006CA67D /* Products */,
			);
			sourceTree = "<group>";
		};
		728D9E9C1D0196CD006CA67D /* Products */ = {
			isa = PBXGroup;
			children = (
				728D9E9B1D0196CD006CA67D /* mmmm.app */,
			);
			name = Products;
			sourceTree = "<group>";
		};
		728D9E9D1D0196CD006CA67D /* mmmm */ = {
			isa = PBXGroup;
			children = (
				728D9EA11D0196CD006CA67D /* AppDelegate.h */,
				728D9EA21D0196CD006CA67D /* AppDelegate.m */,
				728D9EA41D0196CD006CA67D /* ViewController.h */,
				728D9EA51D0196CD006CA67D /* ViewController.m */,
				728D9EA71D0196CD006CA67D /* Main.storyboard */,
				728D9EAA1D0196CD006CA67D /* Assets.xcassets */,
				728D9EAC1D0196CD006CA67D /* LaunchScreen.storyboard */,
				728D9EAF1D0196CD006CA67D /* Info.plist */,
				728D9E9E1D0196CD006CA67D /* Supporting Files */,
			);
			path = mmmm;
			sourceTree = "<group>";
		};
		728D9E9E1D0196CD006CA67D /* Supporting Files */ = {
			isa = PBXGroup;
			children = (
				728D9E9F1D0196CD006CA67D /* main.m */,
			);
			name = "Supporting Files";
			sourceTree = "<group>";
		};
/* End PBXGroup section */

/* Begin PBXNativeTarget section */
		728D9E9A1D0196CD006CA67D /* mmmm */ = {
			isa = PBXNativeTarget;
			buildConfigurationList = 728D9EB21D0196CD006CA67D /* Build configuration list for PBXNativeTarget "mmmm" */;
			buildPhases = (
				728D9E971D0196CD006CA67D /* Sources */,
				728D9E981D0196CD006CA67D /* Frameworks */,
				728D9E991D0196CD006CA67D /* Resources */,
			);
			buildRules = (
			);
			dependencies = (
			);
			name = mmmm;
			productName = mmmm;
			productReference = 728D9E9B1D0196CD006CA67D /* mmmm.app */;
			productType = "com.apple.product-type.application";
		};
/* End PBXNativeTarget section */

/* Begin PBXProject section */
		728D9E931D0196CD006CA67D /* Project object */ = {
			isa = PBXProject;
			attributes = {
				LastUpgradeCheck = 0730;
				ORGANIZATIONNAME = "毛韶谦";
				TargetAttributes = {
					728D9E9A1D0196CD006CA67D = {
						CreatedOnToolsVersion = 7.3.1;
					};
				};
			};
			buildConfigurationList = 728D9E961D0196CD006CA67D /* Build configuration list for PBXProject "mmmm" */;
			compatibilityVersion = "Xcode 3.2";
			developmentRegion = English;
			hasScannedForEncodings = 0;
			knownRegions = (
				en,
				Base,
			);
			mainGroup = 728D9E921D0196CD006CA67D;
			productRefGroup = 728D9E9C1D0196CD006CA67D /* Products */;
			projectDirPath = "";
			projectRoot = "";
			targets = (
				728D9E9A1D0196CD006CA67D /* mmmm */,
			);
		};
/* End PBXProject section */

/* Begin PBXResourcesBuildPhase section */
		728D9E991D0196CD006CA67D /* Resources */ = {
			isa = PBXResourcesBuildPhase;
			buildActionMask = 2147483647;
			files = (
				728D9EAE1D0196CD006CA67D /* LaunchScreen.storyboard in Resources */,
				728D9EAB1D0196CD006CA67D /* Assets.xcassets in Resources */,
				728D9EA91D0196CD006CA67D /* Main.storyboard in Resources */,
			);
			runOnlyForDeploymentPostprocessing = 0;
		};
/* End PBXResourcesBuildPhase section */

/* Begin PBXSourcesBuildPhase section */
		728D9E971D0196CD006CA67D /* Sources */ = {
			isa = PBXSourcesBuildPhase;
			buildActionMask = 2147483647;
			files = (
				728D9EA61D0196CD006CA67D /* ViewController.m in Sources */,
				728D9EA31D0196CD006CA67D /* AppDelegate.m in Sources */,
				728D9EA01D0196CD006CA67D /* main.m in Sources */,
			);
			runOnlyForDeploymentPostprocessing = 0;
		};
/* End PBXSourcesBuildPhase section */

/* Begin PBXVariantGroup section */
		728D9EA71D0196CD006CA67D /* Main.storyboard */ = {
			isa = PBXVariantGroup;
			children = (
				728D9EA81D0196CD006CA67D /* Base */,
			);
			name = Main.storyboard;
			sourceTree = "<group>";
		};
		728D9EAC1D0196CD006CA67D /* LaunchScreen.storyboard */ = {
			isa = PBXVariantGroup;
			children = (
				728D9EAD1D0196CD006CA67D /* Base */,
			);
			name = LaunchScreen.storyboard;
			sourceTree = "<group>";
		};
/* End PBXVariantGroup section */

/* Begin XCBuildConfiguration section */
		728D9EB01D0196CD006CA67D /* Debug */ = {
			isa = XCBuildConfiguration;
			buildSettings = {
				ALWAYS_SEARCH_USER_PATHS = NO;
				CLANG_ANALYZER_NONNULL = YES;
				CLANG_CXX_LANGUAGE_STANDARD = "gnu++0x";
				CLANG_CXX_LIBRARY = "libc++";
				CLANG_ENABLE_MODULES = YES;
				CLANG_ENABLE_OBJC_ARC = YES;
				CLANG_WARN_BOOL_CONVERSION = YES;
				CLANG_WARN_CONSTANT_CONVERSION = YES;
				CLANG_WARN_DIRECT_OBJC_ISA_USAGE = YES_ERROR;
				CLANG_WARN_EMPTY_BODY = YES;
				CLANG_WARN_ENUM_CONVERSION = YES;
				CLANG_WARN_INT_CONVERSION = YES;
				CLANG_WARN_OBJC_ROOT_CLASS = YES_ERROR;
				CLANG_WARN_UNREACHABLE_CODE = YES;
				CLANG_WARN__DUPLICATE_METHOD_MATCH = YES;
				"CODE_SIGN_IDENTITY[sdk=iphoneos*]" = "iPhone Developer";
				COPY_PHASE_STRIP = NO;
				DEBUG_INFORMATION_FORMAT = dwarf;
				ENABLE_STRICT_OBJC_MSGSEND = YES;
				ENABLE_TESTABILITY = YES;
				GCC_C_LANGUAGE_STANDARD = gnu99;
				GCC_DYNAMIC_NO_PIC = NO;
				GCC_NO_COMMON_BLOCKS = YES;
				GCC_OPTIMIZATION_LEVEL = 0;
				GCC_PREPROCESSOR_DEFINITIONS = (
					"DEBUG=1",
					"$(inherited)",
				);
				GCC_WARN_64_TO_32_BIT_CONVERSION = YES;
				GCC_WARN_ABOUT_RETURN_TYPE = YES_ERROR;
				GCC_WARN_UNDECLARED_SELECTOR = YES;
				GCC_WARN_UNINITIALIZED_AUTOS = YES_AGGRESSIVE;
				GCC_WARN_UNUSED_FUNCTION = YES;
				GCC_WARN_UNUSED_VARIABLE = YES;
				IPHONEOS_DEPLOYMENT_TARGET = 9.3;
				MTL_ENABLE_DEBUG_INFO = YES;
				ONLY_ACTIVE_ARCH = YES;
				SDKROOT = iphoneos;
				TARGETED_DEVICE_FAMILY = "1,2";
			};
			name = Debug;
		};
		728D9EB11D0196CD006CA67D /* Release */ = {
			isa = XCBuildConfiguration;
			buildSettings = {
				ALWAYS_SEARCH_USER_PATHS = NO;
				CLANG_ANALYZER_NONNULL = YES;
				CLANG_CXX_LANGUAGE_STANDARD = "gnu++0x";
				CLANG_CXX_LIBRARY = "libc++";
				CLANG_ENABLE_MODULES = YES;
				CLANG_ENABLE_OBJC_ARC = YES;
				CLANG_WARN_BOOL_CONVERSION = YES;
				CLANG_WARN_CONSTANT_CONVERSION = YES;
				CLANG_WARN_DIRECT_OBJC_ISA_USAGE = YES_ERROR;
				CLANG_WARN_EMPTY_BODY = YES;
				CLANG_WARN_ENUM_CONVERSION = YES;
				CLANG_WARN_INT_CONVERSION = YES;
				CLANG_WARN_OBJC_ROOT_CLASS = YES_ERROR;
				CLANG_WARN_UNREACHABLE_CODE = YES;
				CLANG_WARN__DUPLICATE_METHOD_MATCH = YES;
				"CODE_SIGN_IDENTITY[sdk=iphoneos*]" = "iPhone Developer";
				COPY_PHASE_STRIP = NO;
				DEBUG_INFORMATION_FORMAT = "dwarf-with-dsym";
				ENABLE_NS_ASSERTIONS = NO;
				ENABLE_STRICT_OBJC_MSGSEND = YES;
				GCC_C_LANGUAGE_STANDARD = gnu99;
				GCC_NO_COMMON_BLOCKS = YES;
				GCC_WARN_64_TO_32_BIT_CONVERSION = YES;
				GCC_WARN_ABOUT_RETURN_TYPE = YES_ERROR;
				GCC_WARN_UNDECLARED_SELECTOR = YES;
				GCC_WARN_UNINITIALIZED_AUTOS = YES_AGGRESSIVE;
				GCC_WARN_UNUSED_FUNCTION = YES;
				GCC_WARN_UNUSED_VARIABLE = YES;
				IPHONEOS_DEPLOYMENT_TARGET = 9.3;
				MTL_ENABLE_DEBUG_INFO = NO;
				SDKROOT = iphoneos;
				TARGETED_DEVICE_FAMILY = "1,2";
				VALIDATE_PRODUCT = YES;
			};
			name = Release;
		};
		728D9EB31D0196CD006CA67D /* Debug */ = {
			isa = XCBuildConfiguration;
			buildSettings = {
				ASSETCATALOG_COMPILER_APPICON_NAME = AppIcon;
				INFOPLIST_FILE = mmmm/Info.plist;
				LD_RUNPATH_SEARCH_PATHS = "$(inherited) @executable_path/Frameworks";
				PRODUCT_BUNDLE_IDENTIFIER = com.maoshaoqian.mmmm;
				PRODUCT_NAME = "$(TARGET_NAME)";
			};
			name = Debug;
		};
		728D9EB41D0196CD006CA67D /* Release */ = {
			isa = XCBuildConfiguration;
			buildSettings = {
				ASSETCATALOG_COMPILER_APPICON_NAME = AppIcon;
				INFOPLIST_FILE = mmmm/Info.plist;
				LD_RUNPATH_SEARCH_PATHS = "$(inherited) @executable_path/Frameworks";
				PRODUCT_BUNDLE_IDENTIFIER = com.maoshaoqian.mmmm;
				PRODUCT_NAME = "$(TARGET_NAME)";
			};
			name = Release;
		};
/* End XCBuildConfiguration section */

/* Begin XCConfigurationList section */
		728D9E961D0196CD006CA67D /* Build configuration list for PBXProject "mmmm" */ = {
			isa = XCConfigurationList;
			buildConfigurations = (
				728D9EB01D0196CD006CA67D /* Debug */,
				728D9EB11D0196CD006CA67D /* Release */,
			);
			defaultConfigurationIsVisible = 0;
			defaultConfigurationName = Release;
		};
		728D9EB21D0196CD006CA67D /* Build configuration list for PBXNativeTarget "mmmm" */ = {
			isa = XCConfigurationList;
			buildConfigurations = (
				728D9EB31D0196CD006CA67D /* Debug */,
				728D9EB41D0196CD006CA67D /* Release */,
			);
			defaultConfigurationIsVisible = 0;
		};
/* End XCConfigurationList section */
	};
	rootObject = 728D9E931D0196CD006CA67D /* Project object */;
}
